
Microsoft Visual Studio Solution File, Format Version 12.00
# Visual Studio Version 16
VisualStudioVersion = 16.0.30907.101
MinimumVisualStudioVersion = 10.0.40219.1
Project("{9A19103F-16F7-4668-BE54-9A1E7A4F7556}") = "KampIntro", "KampIntro\KampIntro.csproj", "{40FCEDCC-94E8-4CE7-A4A0-6AFA5FE1577E}"
EndProject
Project("{9A19103F-16F7-4668-BE54-9A1E7A4F7556}") = "Donguler", "Donguler\Donguler.csproj", "{555E36E0-361F-4CB1-B126-1014C2A610D6}"
EndProject
Project("{9A19103F-16F7-4668-BE54-9A1E7A4F7556}") = "ClassIntro", "ClassIntro\ClassIntro.csproj", "{CD38153C-3298-4FFB-9038-E58F3C4995D6}"
EndProject
Project("{9A19103F-16F7-4668-BE54-9A1E7A4F7556}") = "Metotlar", "Metotlar\Metotlar.csproj", "{57840262-1C4A-4FC9-BA03-1646230A99DA}"
EndProject
Project("{9A19103F-16F7-4668-BE54-9A1E7A4F7556}") = "Matematik", "Matematik\Matematik.csproj", "{8133F0BB-6799-4911-9CF5-A86A19451198}"
EndProject
Project("{9A19103F-16F7-4668-BE54-9A1E7A4F7556}") = "DegerVeReferansTipler", "DegerVeReferansTipler\DegerVeReferansTipler.csproj", "{D43454A0-9A12-4D59-8045-B8FDB7C2C9FF}"
EndProject
Project("{9A19103F-16F7-4668-BE54-9A1E7A4F7556}") = "ClassMetotDemo", "ClassMetotDemo\ClassMetotDemo.csproj", "{7B063CE6-66BD-486C-A558-67FBEE70BCCF}"
EndProject
Project("{FAE04EC0-301F-11D3-BF4B-00C04F79EFBC}") = "OOP1", "OOP1\OOP1.csproj", "{711BB221-0F8E-43C4-B8FA-A712D3CA3649}"
EndProject
Project("{FAE04EC0-301F-11D3-BF4B-00C04F79EFBC}") = "Koleksiyonlar", "Koleksiyonlar\Koleksiyonlar.csproj", "{40E95926-F14D-4CF2-92E9-9E507B07AC52}"
EndProject
Project("{FAE04EC0-301F-11D3-BF4B-00C04F79EFBC}") = "GenericsIntro", "GenericsIntro\GenericsIntro.csproj", "{73BE0E60-7666-4339-BD0D-5E2D2CE99F91}"
EndProject
Global
	GlobalSection(SolutionConfigurationPlatforms) = preSolution
		Debug|Any CPU = Debug|Any CPU
		Release|Any CPU = Release|Any CPU
	EndGlobalSection
	GlobalSection(ProjectConfigurationPlatforms) = postSolution
		{40FCEDCC-94E8-4CE7-A4A0-6AFA5FE1577E}.Debug|Any CPU.ActiveCfg = Debug|Any CPU
		{40FCEDCC-94E8-4CE7-A4A0-6AFA5FE1577E}.Debug|Any CPU.Build.0 = Debug|Any CPU
		{40FCEDCC-94E8-4CE7-A4A0-6AFA5FE1577E}.Release|Any CPU.ActiveCfg = Release|Any CPU
		{40FCEDCC-94E8-4CE7-A4A0-6AFA5FE1577E}.Release|Any CPU.Build.0 = Release|Any CPU
		{555E36E0-361F-4CB1-B126-1014C2A610D6}.Debug|Any CPU.ActiveCfg = Debug|Any CPU
		{555E36E0-361F-4CB1-B126-1014C2A610D6}.Debug|Any CPU.Build.0 = Debug|Any CPU
		{555E36E0-361F-4CB1-B126-1014C2A610D6}.Release|Any CPU.ActiveCfg = Release|Any CPU
		{555E36E0-361F-4CB1-B126-1014C2A610D6}.Release|Any CPU.Build.0 = Release|Any CPU
		{CD38153C-3298-4FFB-9038-E58F3C4995D6}.Debug|Any CPU.ActiveCfg = Debug|Any CPU
		{CD38153C-3298-4FFB-9038-E58F3C4995D6}.Debug|Any CPU.Build.0 = Debug|Any CPU
		{CD38153C-3298-4FFB-9038-E58F3C4995D6}.Release|Any CPU.ActiveCfg = Release|Any CPU
		{CD38153C-3298-4FFB-9038-E58F3C4995D6}.Release|Any CPU.Build.0 = Release|Any CPU
		{57840262-1C4A-4FC9-BA03-1646230A99DA}.Debug|Any CPU.ActiveCfg = Debug|Any CPU
		{57840262-1C4A-4FC9-BA03-1646230A99DA}.Debug|Any CPU.Build.0 = Debug|Any CPU
		{57840262-1C4A-4FC9-BA03-1646230A99DA}.Release|Any CPU.ActiveCfg = Release|Any CPU
		{57840262-1C4A-4FC9-BA03-1646230A99DA}.Release|Any CPU.Build.0 = Release|Any CPU
		{8133F0BB-6799-4911-9CF5-A86A19451198}.Debug|Any CPU.ActiveCfg = Debug|Any CPU
		{8133F0BB-6799-4911-9CF5-A86A19451198}.Debug|Any CPU.Build.0 = Debug|Any CPU
		{8133F0BB-6799-4911-9CF5-A86A19451198}.Release|Any CPU.ActiveCfg = Release|Any CPU
		{8133F0BB-6799-4911-9CF5-A86A19451198}.Release|Any CPU.Build.0 = Release|Any CPU
		{D43454A0-9A12-4D59-8045-B8FDB7C2C9FF}.Debug|Any CPU.ActiveCfg = Debug|Any CPU
		{D43454A0-9A12-4D59-8045-B8FDB7C2C9FF}.Debug|Any CPU.Build.0 = Debug|Any CPU
		{D43454A0-9A12-4D59-8045-B8FDB7C2C9FF}.Release|Any CPU.ActiveCfg = Release|Any CPU
		{D43454A0-9A12-4D59-8045-B8FDB7C2C9FF}.Release|Any CPU.Build.0 = Release|Any CPU
		{7B063CE6-66BD-486C-A558-67FBEE70BCCF}.Debug|Any CPU.ActiveCfg = Debug|Any CPU
		{7B063CE6-66BD-486C-A558-67FBEE70BCCF}.Debug|Any CPU.Build.0 = Debug|Any CPU
		{7B063CE6-66BD-486C-A558-67FBEE70BCCF}.Release|Any CPU.ActiveCfg = Release|Any CPU
		{7B063CE6-66BD-486C-A558-67FBEE70BCCF}.Release|Any CPU.Build.0 = Release|Any CPU
		{711BB221-0F8E-43C4-B8FA-A712D3CA3649}.Debug|Any CPU.ActiveCfg = Debug|Any CPU
		{711BB221-0F8E-43C4-B8FA-A712D3CA3649}.Debug|Any CPU.Build.0 = Debug|Any CPU
		{711BB221-0F8E-43C4-B8FA-A712D3CA3649}.Release|Any CPU.ActiveCfg = Release|Any CPU
		{711BB221-0F8E-43C4-B8FA-A712D3CA3649}.Release|Any CPU.Build.0 = Release|Any CPU
		{40E95926-F14D-4CF2-92E9-9E507B07AC52}.Debug|Any CPU.ActiveCfg = Debug|Any CPU
		{40E95926-F14D-4CF2-92E9-9E507B07AC52}.Debug|Any CPU.Build.0 = Debug|Any CPU
		{40E95926-F14D-4CF2-92E9-9E507B07AC52}.Release|Any CPU.ActiveCfg = Release|Any CPU
		{40E95926-F14D-4CF2-92E9-9E507B07AC52}.Release|Any CPU.Build.0 = Release|Any CPU
		{73BE0E60-7666-4339-BD0D-5E2D2CE99F91}.Debug|Any CPU.ActiveCfg = Debug|Any CPU
		{73BE0E60-7666-4339-BD0D-5E2D2CE99F91}.Debug|Any CPU.Build.0 = Debug|Any CPU
		{73BE0E60-7666-4339-BD0D-5E2D2CE99F91}.Release|Any CPU.ActiveCfg = Release|Any CPU
		{73BE0E60-7666-4339-BD0D-5E2D2CE99F91}.Release|Any CPU.Build.0 = Release|Any CPU
	EndGlobalSection
	GlobalSection(SolutionProperties) = preSolution
		HideSolutionNode = FALSE
	EndGlobalSection
	GlobalSection(ExtensibilityGlobals) = postSolution
		SolutionGuid = {F0BE259D-0D7D-436E-B1E7-6CCF91B99D80}
	EndGlobalSection
EndGlobal
